
Microsoft Visual Studio Solution File, Format Version 12.00
# Visual Studio 14
VisualStudioVersion = 14.0.25420.1
MinimumVisualStudioVersion = 10.0.40219.1
Project("{8BB2217D-0F2D-49D1-97BC-3654ED321F3B}") = "net45xproj", "net45xproj\net45xproj.xproj", "{3B6D6A10-A293-44DD-88BD-DCF0059B5265}"
EndProject
Project("{FAE04EC0-301F-11D3-BF4B-00C04F79EFBC}") = "net45csproj", "net45csproj\net45csproj.csproj", "{51D66A45-4216-467A-B39B-BDD0FE4079A5}"
EndProject
Project("{FAE04EC0-301F-11D3-BF4B-00C04F79EFBC}") = "netstandard10csproj", "netstandard10csproj\netstandard10csproj.csproj", "{862E401A-89FC-4B75-BFE8-8B6857EF2393}"
EndProject
Project("{8BB2217D-0F2D-49D1-97BC-3654ED321F3B}") = "netstandard10xproj", "netstandard10xproj\netstandard10xproj.xproj", "{6FAD28FC-1F2E-4671-A7F1-C2E5E3452954}"
EndProject
Global
	GlobalSection(SolutionConfigurationPlatforms) = preSolution
		Debug|Any CPU = Debug|Any CPU
		Release|Any CPU = Release|Any CPU
	EndGlobalSection
	GlobalSection(ProjectConfigurationPlatforms) = postSolution
		{3B6D6A10-A293-44DD-88BD-DCF0059B5265}.Debug|Any CPU.ActiveCfg = Debug|Any CPU
		{3B6D6A10-A293-44DD-88BD-DCF0059B5265}.Debug|Any CPU.Build.0 = Debug|Any CPU
		{3B6D6A10-A293-44DD-88BD-DCF0059B5265}.Release|Any CPU.ActiveCfg = Release|Any CPU
		{3B6D6A10-A293-44DD-88BD-DCF0059B5265}.Release|Any CPU.Build.0 = Release|Any CPU
		{51D66A45-4216-467A-B39B-BDD0FE4079A5}.Debug|Any CPU.ActiveCfg = Debug|Any CPU
		{51D66A45-4216-467A-B39B-BDD0FE4079A5}.Debug|Any CPU.Build.0 = Debug|Any CPU
		{51D66A45-4216-467A-B39B-BDD0FE4079A5}.Release|Any CPU.ActiveCfg = Release|Any CPU
		{51D66A45-4216-467A-B39B-BDD0FE4079A5}.Release|Any CPU.Build.0 = Release|Any CPU
		{862E401A-89FC-4B75-BFE8-8B6857EF2393}.Debug|Any CPU.ActiveCfg = Debug|Any CPU
		{862E401A-89FC-4B75-BFE8-8B6857EF2393}.Debug|Any CPU.Build.0 = Debug|Any CPU
		{862E401A-89FC-4B75-BFE8-8B6857EF2393}.Release|Any CPU.ActiveCfg = Release|Any CPU
		{862E401A-89FC-4B75-BFE8-8B6857EF2393}.Release|Any CPU.Build.0 = Release|Any CPU
		{6FAD28FC-1F2E-4671-A7F1-C2E5E3452954}.Debug|Any CPU.ActiveCfg = Debug|Any CPU
		{6FAD28FC-1F2E-4671-A7F1-C2E5E3452954}.Debug|Any CPU.Build.0 = Debug|Any CPU
		{6FAD28FC-1F2E-4671-A7F1-C2E5E3452954}.Release|Any CPU.ActiveCfg = Release|Any CPU
		{6FAD28FC-1F2E-4671-A7F1-C2E5E3452954}.Release|Any CPU.Build.0 = Release|Any CPU
	EndGlobalSection
	GlobalSection(SolutionProperties) = preSolution
		HideSolutionNode = FALSE
	EndGlobalSection
EndGlobal
